
Microsoft Visual Studio Solution File, Format Version 12.00
# Visual Studio Version 17
VisualStudioVersion = 17.5.33516.290
MinimumVisualStudioVersion = 10.0.40219.1
Project("{FAE04EC0-301F-11D3-BF4B-00C04F79EFBC}") = "ShapesLib", "ShapesLib\ShapesLib.csproj", "{74C01E4C-CA3A-4D97-BD5B-A1DA6D8E39AA}"
EndProject
Project("{FAE04EC0-301F-11D3-BF4B-00C04F79EFBC}") = "ShapesLibTest", "ShapesLibTest\ShapesLibTest.csproj", "{1DC78089-1A96-4B27-9EA4-35A6209AFF9B}"
EndProject
Global
	GlobalSection(SolutionConfigurationPlatforms) = preSolution
		Debug|Any CPU = Debug|Any CPU
		Release|Any CPU = Release|Any CPU
	EndGlobalSection
	GlobalSection(ProjectConfigurationPlatforms) = postSolution
		{74C01E4C-CA3A-4D97-BD5B-A1DA6D8E39AA}.Debug|Any CPU.ActiveCfg = Debug|Any CPU
		{74C01E4C-CA3A-4D97-BD5B-A1DA6D8E39AA}.Debug|Any CPU.Build.0 = Debug|Any CPU
		{74C01E4C-CA3A-4D97-BD5B-A1DA6D8E39AA}.Release|Any CPU.ActiveCfg = Release|Any CPU
		{74C01E4C-CA3A-4D97-BD5B-A1DA6D8E39AA}.Release|Any CPU.Build.0 = Release|Any CPU
		{1DC78089-1A96-4B27-9EA4-35A6209AFF9B}.Debug|Any CPU.ActiveCfg = Debug|Any CPU
		{1DC78089-1A96-4B27-9EA4-35A6209AFF9B}.Debug|Any CPU.Build.0 = Debug|Any CPU
		{1DC78089-1A96-4B27-9EA4-35A6209AFF9B}.Release|Any CPU.ActiveCfg = Release|Any CPU
		{1DC78089-1A96-4B27-9EA4-35A6209AFF9B}.Release|Any CPU.Build.0 = Release|Any CPU
	EndGlobalSection
	GlobalSection(SolutionProperties) = preSolution
		HideSolutionNode = FALSE
	EndGlobalSection
	GlobalSection(ExtensibilityGlobals) = postSolution
		SolutionGuid = {1C2F3485-5C29-4B22-94D4-3C540DF5BF05}
	EndGlobalSection
EndGlobal
